
Microsoft Visual Studio Solution File, Format Version 12.00
# Visual Studio Version 17
VisualStudioVersion = 17.11.35312.102
MinimumVisualStudioVersion = 10.0.40219.1
Project("{8BC9CEB8-8B4A-11D0-8D11-00A0C91BC942}") = "BinaryTree", "BinaryTree\BinaryTree.vcxproj", "{FC245661-4196-42EF-802C-FF5BD295824E}"
EndProject
Project("{8BC9CEB8-8B4A-11D0-8D11-00A0C91BC942}") = "BinaryTreeTests", "BinaryTreeTests\BinaryTreeTests.vcxproj", "{6285FDC0-64F4-4051-A30D-4FA862EE4A97}"
EndProject
Project("{8BC9CEB8-8B4A-11D0-8D11-00A0C91BC942}") = "BinaryTreeGUI", "BinaryTreeGUI\BinaryTreeGUI.vcxproj", "{25FC40EB-42C1-4B10-B18C-94A257527052}"
EndProject
Project("{8BC9CEB8-8B4A-11D0-8D11-00A0C91BC942}") = "BinaryTreeProjectGUIOwl", "BinaryTreeProjectGUIOwl\BinaryTreeProjectGUIOwl.vcxproj", "{4B48ADA2-A168-407A-8FC2-087FD27F689B}"
EndProject
Global
	GlobalSection(SolutionConfigurationPlatforms) = preSolution
		Debug|ARM64 = Debug|ARM64
		Debug|x64 = Debug|x64
		Debug|x86 = Debug|x86
		Release|ARM64 = Release|ARM64
		Release|x64 = Release|x64
		Release|x86 = Release|x86
	EndGlobalSection
	GlobalSection(ProjectConfigurationPlatforms) = postSolution
		{FC245661-4196-42EF-802C-FF5BD295824E}.Debug|ARM64.ActiveCfg = Debug|x64
		{FC245661-4196-42EF-802C-FF5BD295824E}.Debug|ARM64.Build.0 = Debug|x64
		{FC245661-4196-42EF-802C-FF5BD295824E}.Debug|x64.ActiveCfg = Debug|x64
		{FC245661-4196-42EF-802C-FF5BD295824E}.Debug|x64.Build.0 = Debug|x64
		{FC245661-4196-42EF-802C-FF5BD295824E}.Debug|x86.ActiveCfg = Debug|Win32
		{FC245661-4196-42EF-802C-FF5BD295824E}.Debug|x86.Build.0 = Debug|Win32
		{FC245661-4196-42EF-802C-FF5BD295824E}.Release|ARM64.ActiveCfg = Release|x64
		{FC245661-4196-42EF-802C-FF5BD295824E}.Release|ARM64.Build.0 = Release|x64
		{FC245661-4196-42EF-802C-FF5BD295824E}.Release|x64.ActiveCfg = Release|x64
		{FC245661-4196-42EF-802C-FF5BD295824E}.Release|x64.Build.0 = Release|x64
		{FC245661-4196-42EF-802C-FF5BD295824E}.Release|x86.ActiveCfg = Release|Win32
		{FC245661-4196-42EF-802C-FF5BD295824E}.Release|x86.Build.0 = Release|Win32
		{6285FDC0-64F4-4051-A30D-4FA862EE4A97}.Debug|ARM64.ActiveCfg = Debug|x64
		{6285FDC0-64F4-4051-A30D-4FA862EE4A97}.Debug|ARM64.Build.0 = Debug|x64
		{6285FDC0-64F4-4051-A30D-4FA862EE4A97}.Debug|x64.ActiveCfg = Debug|x64
		{6285FDC0-64F4-4051-A30D-4FA862EE4A97}.Debug|x64.Build.0 = Debug|x64
		{6285FDC0-64F4-4051-A30D-4FA862EE4A97}.Debug|x86.ActiveCfg = Debug|Win32
		{6285FDC0-64F4-4051-A30D-4FA862EE4A97}.Debug|x86.Build.0 = Debug|Win32
		{6285FDC0-64F4-4051-A30D-4FA862EE4A97}.Release|ARM64.ActiveCfg = Release|x64
		{6285FDC0-64F4-4051-A30D-4FA862EE4A97}.Release|ARM64.Build.0 = Release|x64
		{6285FDC0-64F4-4051-A30D-4FA862EE4A97}.Release|x64.ActiveCfg = Release|x64
		{6285FDC0-64F4-4051-A30D-4FA862EE4A97}.Release|x64.Build.0 = Release|x64
		{6285FDC0-64F4-4051-A30D-4FA862EE4A97}.Release|x86.ActiveCfg = Release|Win32
		{6285FDC0-64F4-4051-A30D-4FA862EE4A97}.Release|x86.Build.0 = Release|Win32
		{25FC40EB-42C1-4B10-B18C-94A257527052}.Debug|ARM64.ActiveCfg = Debug|ARM64
		{25FC40EB-42C1-4B10-B18C-94A257527052}.Debug|ARM64.Build.0 = Debug|ARM64
		{25FC40EB-42C1-4B10-B18C-94A257527052}.Debug|ARM64.Deploy.0 = Debug|ARM64
		{25FC40EB-42C1-4B10-B18C-94A257527052}.Debug|x64.ActiveCfg = Debug|x64
		{25FC40EB-42C1-4B10-B18C-94A257527052}.Debug|x64.Build.0 = Debug|x64
		{25FC40EB-42C1-4B10-B18C-94A257527052}.Debug|x64.Deploy.0 = Debug|x64
		{25FC40EB-42C1-4B10-B18C-94A257527052}.Debug|x86.ActiveCfg = Debug|Win32
		{25FC40EB-42C1-4B10-B18C-94A257527052}.Debug|x86.Build.0 = Debug|Win32
		{25FC40EB-42C1-4B10-B18C-94A257527052}.Debug|x86.Deploy.0 = Debug|Win32
		{25FC40EB-42C1-4B10-B18C-94A257527052}.Release|ARM64.ActiveCfg = Release|ARM64
		{25FC40EB-42C1-4B10-B18C-94A257527052}.Release|ARM64.Build.0 = Release|ARM64
		{25FC40EB-42C1-4B10-B18C-94A257527052}.Release|ARM64.Deploy.0 = Release|ARM64
		{25FC40EB-42C1-4B10-B18C-94A257527052}.Release|x64.ActiveCfg = Release|x64
		{25FC40EB-42C1-4B10-B18C-94A257527052}.Release|x64.Build.0 = Release|x64
		{25FC40EB-42C1-4B10-B18C-94A257527052}.Release|x64.Deploy.0 = Release|x64
		{25FC40EB-42C1-4B10-B18C-94A257527052}.Release|x86.ActiveCfg = Release|Win32
		{25FC40EB-42C1-4B10-B18C-94A257527052}.Release|x86.Build.0 = Release|Win32
		{25FC40EB-42C1-4B10-B18C-94A257527052}.Release|x86.Deploy.0 = Release|Win32
		{4B48ADA2-A168-407A-8FC2-087FD27F689B}.Debug|ARM64.ActiveCfg = Debug|x64
		{4B48ADA2-A168-407A-8FC2-087FD27F689B}.Debug|ARM64.Build.0 = Debug|x64
		{4B48ADA2-A168-407A-8FC2-087FD27F689B}.Debug|x64.ActiveCfg = Debug|x64
		{4B48ADA2-A168-407A-8FC2-087FD27F689B}.Debug|x64.Build.0 = Debug|x64
		{4B48ADA2-A168-407A-8FC2-087FD27F689B}.Debug|x86.ActiveCfg = Debug|Win32
		{4B48ADA2-A168-407A-8FC2-087FD27F689B}.Debug|x86.Build.0 = Debug|Win32
		{4B48ADA2-A168-407A-8FC2-087FD27F689B}.Release|ARM64.ActiveCfg = Release|x64
		{4B48ADA2-A168-407A-8FC2-087FD27F689B}.Release|ARM64.Build.0 = Release|x64
		{4B48ADA2-A168-407A-8FC2-087FD27F689B}.Release|x64.ActiveCfg = Release|x64
		{4B48ADA2-A168-407A-8FC2-087FD27F689B}.Release|x64.Build.0 = Release|x64
		{4B48ADA2-A168-407A-8FC2-087FD27F689B}.Release|x86.ActiveCfg = Release|Win32
		{4B48ADA2-A168-407A-8FC2-087FD27F689B}.Release|x86.Build.0 = Release|Win32
	EndGlobalSection
	GlobalSection(SolutionProperties) = preSolution
		HideSolutionNode = FALSE
	EndGlobalSection
	GlobalSection(ExtensibilityGlobals) = postSolution
		SolutionGuid = {C02B100C-7672-45E8-B7D3-E2F1ED3F28AC}
	EndGlobalSection
EndGlobal
